
Microsoft Visual Studio Solution File, Format Version 12.00
# Visual Studio 15
VisualStudioVersion = 15.0.28307.757
MinimumVisualStudioVersion = 10.0.40219.1
Project("{FAE04EC0-301F-11D3-BF4B-00C04F79EFBC}") = "MyVendingMachine", "MyVendingMachine\MyVendingMachine.csproj", "{B680D55A-890B-4831-A5A5-461CC3531F09}"
EndProject
Project("{FAE04EC0-301F-11D3-BF4B-00C04F79EFBC}") = "MyVendingMachine.Core", "MyVendingMachine.Core\MyVendingMachine.Core.csproj", "{8A0C4CBD-6881-493A-9DE9-331A5C2798CA}"
EndProject
Project("{9A19103F-16F7-4668-BE54-9A1E7A4F7556}") = "MyVendingMachine.Service", "MyVendingMachine.Service\MyVendingMachine.Service.csproj", "{2BB8C211-514C-418E-AA45-66654D8E21F8}"
EndProject
Project("{FAE04EC0-301F-11D3-BF4B-00C04F79EFBC}") = "MyVendingMachine.UnitTest", "MyVendingMachine.UnitTest\MyVendingMachine.UnitTest.csproj", "{54724E2B-E7D5-4CDA-8B2C-453454DA1815}"
EndProject
Global
	GlobalSection(SolutionConfigurationPlatforms) = preSolution
		Debug|Any CPU = Debug|Any CPU
		Release|Any CPU = Release|Any CPU
	EndGlobalSection
	GlobalSection(ProjectConfigurationPlatforms) = postSolution
		{B680D55A-890B-4831-A5A5-461CC3531F09}.Debug|Any CPU.ActiveCfg = Debug|Any CPU
		{B680D55A-890B-4831-A5A5-461CC3531F09}.Debug|Any CPU.Build.0 = Debug|Any CPU
		{B680D55A-890B-4831-A5A5-461CC3531F09}.Release|Any CPU.ActiveCfg = Release|Any CPU
		{B680D55A-890B-4831-A5A5-461CC3531F09}.Release|Any CPU.Build.0 = Release|Any CPU
		{8A0C4CBD-6881-493A-9DE9-331A5C2798CA}.Debug|Any CPU.ActiveCfg = Debug|Any CPU
		{8A0C4CBD-6881-493A-9DE9-331A5C2798CA}.Debug|Any CPU.Build.0 = Debug|Any CPU
		{8A0C4CBD-6881-493A-9DE9-331A5C2798CA}.Release|Any CPU.ActiveCfg = Release|Any CPU
		{8A0C4CBD-6881-493A-9DE9-331A5C2798CA}.Release|Any CPU.Build.0 = Release|Any CPU
		{2BB8C211-514C-418E-AA45-66654D8E21F8}.Debug|Any CPU.ActiveCfg = Debug|Any CPU
		{2BB8C211-514C-418E-AA45-66654D8E21F8}.Debug|Any CPU.Build.0 = Debug|Any CPU
		{2BB8C211-514C-418E-AA45-66654D8E21F8}.Release|Any CPU.ActiveCfg = Release|Any CPU
		{2BB8C211-514C-418E-AA45-66654D8E21F8}.Release|Any CPU.Build.0 = Release|Any CPU
		{54724E2B-E7D5-4CDA-8B2C-453454DA1815}.Debug|Any CPU.ActiveCfg = Debug|Any CPU
		{54724E2B-E7D5-4CDA-8B2C-453454DA1815}.Debug|Any CPU.Build.0 = Debug|Any CPU
		{54724E2B-E7D5-4CDA-8B2C-453454DA1815}.Release|Any CPU.ActiveCfg = Release|Any CPU
		{54724E2B-E7D5-4CDA-8B2C-453454DA1815}.Release|Any CPU.Build.0 = Release|Any CPU
	EndGlobalSection
	GlobalSection(SolutionProperties) = preSolution
		HideSolutionNode = FALSE
	EndGlobalSection
	GlobalSection(ExtensibilityGlobals) = postSolution
		SolutionGuid = {B0BF741E-3219-4810-A2A7-D58ABD49F479}
	EndGlobalSection
EndGlobal
